<?xml version="1.0" encoding="utf-8"?>
<Project ToolsVersion="4.0" xmlns="http://schemas.microsoft.com/developer/msbuild/2003">
  <ItemGroup>
    <Filter Include="Source Files">
      <UniqueIdentifier>{4FC737F1-C7A5-4376-A066-2A32D752A2FF}</UniqueIdentifier>
      <Extensions>cpp;c;cc;cxx;def;odl;idl;hpj;bat;asm;asmx</Extensions>
    </Filter>
    <Filter Include="Header Files">
      <UniqueIdentifier>{93995380-89BD-4b04-88EB-625FBE52EBFB}</UniqueIdentifier>
      <Extensions>h;hh;hpp;hxx;hm;inl;inc;ipp;xsd</Extensions>
    </Filter>
    <Filter Include="Resource Files">
      <UniqueIdentifier>{67DA6AB6-F800-4c08-8B7A-83BB121AAD01}</UniqueIdentifier>
      <Extensions>rc;ico;cur;bmp;dlg;rc2;rct;bin;rgs;gif;jpg;jpeg;jpe;resx;tiff;tif;png;wav;mfcribbon-ms</Extensions>
    </Filter>
  </ItemGroup>
  <ItemGroup>
    <ClInclude Include="stdafx.h">
      <Filter>Header Files</Filter>
    </ClInclude>
    <ClInclude Include="targetver.h">
      <Filter>Header Files</Filter>
    </ClInclude>
    <ClInclude Include="UplayTypes\UplayKey.hpp">
      <Filter>Header Files</Filter>
    </ClInclude>
    <ClInclude Include="UplayTypes\UplayList.hpp">
      <Filter>Header Files</Filter>
    </ClInclude>
    <ClInclude Include="UplayTypes\UplayOverlapped.hpp">
      <Filter>Header Files</Filter>
    </ClInclude>
    <ClInclude Include="UplayTypes\UplaySave.hpp">
      <Filter>Header Files</Filter>
    </ClInclude>
    <ClInclude Include="Consts.hpp">
      <Filter>Header Files</Filter>
    </ClInclude>
    <ClInclude Include="JsonObjects\Generators.hpp">
      <Filter>Header Files</Filter>
    </ClInclude>
    <ClInclude Include="JsonObjects\helper.hpp">
      <Filter>Header Files</Filter>
    </ClInclude>
    <ClInclude Include="JsonObjects\Profile.hpp">
      <Filter>Header Files</Filter>
    </ClInclude>
    <ClInclude Include="JsonObjects\Uplay.hpp">
      <Filter>Header Files</Filter>
    </ClInclude>
    <ClInclude Include="JsonObjects\UplayConfig.hpp">
      <Filter>Header Files</Filter>
    </ClInclude>
    <ClInclude Include="JsonObjects\UplaySaveMetaDataStorage.hpp">
      <Filter>Header Files</Filter>
    </ClInclude>
    <ClInclude Include="UplayExports\UplayAvatar.hpp">
      <Filter>Header Files</Filter>
    </ClInclude>
    <ClInclude Include="UplayExports\UplayCommon.hpp">
      <Filter>Header Files</Filter>
    </ClInclude>
    <ClInclude Include="UplayExports\UplayFriends.hpp">
      <Filter>Header Files</Filter>
    </ClInclude>
    <ClInclude Include="UplayExports\UplayInstaller.hpp">
      <Filter>Header Files</Filter>
    </ClInclude>
    <ClInclude Include="UplayExports\UplayMetaData.hpp">
      <Filter>Header Files</Filter>
    </ClInclude>
    <ClInclude Include="UplayExports\UplayOverlay.hpp">
      <Filter>Header Files</Filter>
    </ClInclude>
    <ClInclude Include="UplayExports\UplayParty.hpp">
      <Filter>Header Files</Filter>
    </ClInclude>
    <ClInclude Include="UplayExports\UplaySave.hpp">
      <Filter>Header Files</Filter>
    </ClInclude>
    <ClInclude Include="UplayExports\UplayUser.hpp">
      <Filter>Header Files</Filter>
    </ClInclude>
    <ClInclude Include="UplayExports\UplayWin.hpp">
      <Filter>Header Files</Filter>
    </ClInclude>
    <ClInclude Include="UplayExports\UplayAchievements.hpp">
      <Filter>Header Files</Filter>
    </ClInclude>
    <ClInclude Include="Hooks.hpp">
      <Filter>Header Files</Filter>
    </ClInclude>
    <ClInclude Include="UplayExports\UplayOptions.hpp">
      <Filter>Header Files</Filter>
    </ClInclude>
    <ClInclude Include="UplayExports\UplayPresence.hpp">
      <Filter>Header Files</Filter>
    </ClInclude>
    <ClInclude Include="UplayExports\UplayAch.hpp">
      <Filter>Header Files</Filter>
    </ClInclude>
    <ClInclude Include="Memory\AobScan.hpp">
      <Filter>Header Files</Filter>
    </ClInclude>
    <ClInclude Include="Patches.hpp">
      <Filter>Header Files</Filter>
    </ClInclude>
    <ClInclude Include="Memory\Inject.hpp">
      <Filter>Header Files</Filter>
    </ClInclude>
    <ClInclude Include="Memory\Utils.hpp">
      <Filter>Header Files</Filter>
    </ClInclude>
    <ClInclude Include="EUplaySave.hpp">
      <Filter>Header Files</Filter>
    </ClInclude>
    <ClInclude Include="EUplayConfigHolder.hpp">
      <Filter>Header Files</Filter>
    </ClInclude>
    <ClInclude Include="EUplayConfigSingleton.hpp">
      <Filter>Header Files</Filter>
    </ClInclude>
    <ClInclude Include="EUplaySaveStorage.hpp">
      <Filter>Header Files</Filter>
    </ClInclude>
    <ClInclude Include="EUplaySaveStorageSingleton.hpp">
      <Filter>Header Files</Filter>
    </ClInclude>
  </ItemGroup>
  <ItemGroup>
    <ClCompile Include="stdafx.cpp">
      <Filter>Source Files</Filter>
    </ClCompile>
    <ClCompile Include="Uplay_r1_loader.cpp">
      <Filter>Source Files</Filter>
    </ClCompile>
    <ClCompile Include="dllmain.cpp">
      <Filter>Source Files</Filter>
    </ClCompile>
  </ItemGroup>
  <ItemGroup>
    <None Include="cpp.hint" />
  </ItemGroup>
</Project>